
Microsoft Visual Studio Solution File, Format Version 12.00
# Visual Studio Version 17
VisualStudioVersion = 17.2.32516.85
MinimumVisualStudioVersion = 10.0.40219.1
Project("{FAE04EC0-301F-11D3-BF4B-00C04F79EFBC}") = "LibraryKata", "LibraryKata\LibraryKata.csproj", "{10C6B2A0-9E1A-4529-AD39-8E63AF8677FB}"
EndProject
Project("{FAE04EC0-301F-11D3-BF4B-00C04F79EFBC}") = "LibraryKataTest", "LibraryKataTest\LibraryKataTest.csproj", "{34BD19AC-6388-4394-903A-83DA5765FA4A}"
EndProject
Global
	GlobalSection(SolutionConfigurationPlatforms) = preSolution
		Debug|Any CPU = Debug|Any CPU
		Release|Any CPU = Release|Any CPU
	EndGlobalSection
	GlobalSection(ProjectConfigurationPlatforms) = postSolution
		{10C6B2A0-9E1A-4529-AD39-8E63AF8677FB}.Debug|Any CPU.ActiveCfg = Debug|Any CPU
		{10C6B2A0-9E1A-4529-AD39-8E63AF8677FB}.Debug|Any CPU.Build.0 = Debug|Any CPU
		{10C6B2A0-9E1A-4529-AD39-8E63AF8677FB}.Release|Any CPU.ActiveCfg = Release|Any CPU
		{10C6B2A0-9E1A-4529-AD39-8E63AF8677FB}.Release|Any CPU.Build.0 = Release|Any CPU
		{34BD19AC-6388-4394-903A-83DA5765FA4A}.Debug|Any CPU.ActiveCfg = Debug|Any CPU
		{34BD19AC-6388-4394-903A-83DA5765FA4A}.Debug|Any CPU.Build.0 = Debug|Any CPU
		{34BD19AC-6388-4394-903A-83DA5765FA4A}.Release|Any CPU.ActiveCfg = Release|Any CPU
		{34BD19AC-6388-4394-903A-83DA5765FA4A}.Release|Any CPU.Build.0 = Release|Any CPU
	EndGlobalSection
	GlobalSection(SolutionProperties) = preSolution
		HideSolutionNode = FALSE
	EndGlobalSection
	GlobalSection(ExtensibilityGlobals) = postSolution
		SolutionGuid = {8703BFE0-B4B9-4F23-9E39-5DA240AD545E}
	EndGlobalSection
EndGlobal
