
Microsoft Visual Studio Solution File, Format Version 12.00
# Visual Studio Version 17
VisualStudioVersion = 17.2.32516.85
MinimumVisualStudioVersion = 10.0.40219.1
Project("{9A19103F-16F7-4668-BE54-9A1E7A4F7556}") = "LibraryUniqueInOrd", "LibraryUniqueInOrd\LibraryUniqueInOrd.csproj", "{BA286B91-35E4-4CDD-BE86-E7CE20CA2113}"
EndProject
Project("{9A19103F-16F7-4668-BE54-9A1E7A4F7556}") = "LibraryUniqueInOrdTests", "TestUniqueInOrd\LibraryUniqueInOrdTests.csproj", "{A5A30828-DA2B-419D-9458-234E9C061C2F}"
EndProject
Global
	GlobalSection(SolutionConfigurationPlatforms) = preSolution
		Debug|Any CPU = Debug|Any CPU
		Release|Any CPU = Release|Any CPU
	EndGlobalSection
	GlobalSection(ProjectConfigurationPlatforms) = postSolution
		{BA286B91-35E4-4CDD-BE86-E7CE20CA2113}.Debug|Any CPU.ActiveCfg = Debug|Any CPU
		{BA286B91-35E4-4CDD-BE86-E7CE20CA2113}.Debug|Any CPU.Build.0 = Debug|Any CPU
		{BA286B91-35E4-4CDD-BE86-E7CE20CA2113}.Release|Any CPU.ActiveCfg = Release|Any CPU
		{BA286B91-35E4-4CDD-BE86-E7CE20CA2113}.Release|Any CPU.Build.0 = Release|Any CPU
		{A5A30828-DA2B-419D-9458-234E9C061C2F}.Debug|Any CPU.ActiveCfg = Debug|Any CPU
		{A5A30828-DA2B-419D-9458-234E9C061C2F}.Debug|Any CPU.Build.0 = Debug|Any CPU
		{A5A30828-DA2B-419D-9458-234E9C061C2F}.Release|Any CPU.ActiveCfg = Release|Any CPU
		{A5A30828-DA2B-419D-9458-234E9C061C2F}.Release|Any CPU.Build.0 = Release|Any CPU
	EndGlobalSection
	GlobalSection(SolutionProperties) = preSolution
		HideSolutionNode = FALSE
	EndGlobalSection
	GlobalSection(ExtensibilityGlobals) = postSolution
		SolutionGuid = {8703BFE0-B4B9-4F23-9E39-5DA240AD545E}
	EndGlobalSection
EndGlobal
